
Microsoft Visual Studio Solution File, Format Version 12.00
# Visual Studio Version 17
VisualStudioVersion = 17.6.33829.357
MinimumVisualStudioVersion = 10.0.40219.1
Project("{FAE04EC0-301F-11D3-BF4B-00C04F79EFBC}") = "APP3", "APP3\APP3.csproj", "{AF09DD01-1BE0-4BAA-B2B4-3EA6850D16BC}"
EndProject
Global
	GlobalSection(SolutionConfigurationPlatforms) = preSolution
		Debug|Any CPU = Debug|Any CPU
		Release|Any CPU = Release|Any CPU
	EndGlobalSection
	GlobalSection(ProjectConfigurationPlatforms) = postSolution
		{AF09DD01-1BE0-4BAA-B2B4-3EA6850D16BC}.Debug|Any CPU.ActiveCfg = Debug|Any CPU
		{AF09DD01-1BE0-4BAA-B2B4-3EA6850D16BC}.Debug|Any CPU.Build.0 = Debug|Any CPU
		{AF09DD01-1BE0-4BAA-B2B4-3EA6850D16BC}.Release|Any CPU.ActiveCfg = Release|Any CPU
		{AF09DD01-1BE0-4BAA-B2B4-3EA6850D16BC}.Release|Any CPU.Build.0 = Release|Any CPU
	EndGlobalSection
	GlobalSection(SolutionProperties) = preSolution
		HideSolutionNode = FALSE
	EndGlobalSection
	GlobalSection(ExtensibilityGlobals) = postSolution
		SolutionGuid = {E08C1FFE-5895-409D-90EF-0ACEF097B94A}
	EndGlobalSection
EndGlobal
