
Microsoft Visual Studio Solution File, Format Version 12.00
# Visual Studio Version 17
VisualStudioVersion = 17.6.33829.357
MinimumVisualStudioVersion = 10.0.40219.1
Project("{FAE04EC0-301F-11D3-BF4B-00C04F79EFBC}") = "Module1HW1.1", "Module1HW1.1\Module1HW1.1.csproj", "{BE5E07C2-A6DE-45E0-AE35-E764C5D1DE29}"
EndProject
Global
	GlobalSection(SolutionConfigurationPlatforms) = preSolution
		Debug|Any CPU = Debug|Any CPU
		Release|Any CPU = Release|Any CPU
	EndGlobalSection
	GlobalSection(ProjectConfigurationPlatforms) = postSolution
		{BE5E07C2-A6DE-45E0-AE35-E764C5D1DE29}.Debug|Any CPU.ActiveCfg = Debug|Any CPU
		{BE5E07C2-A6DE-45E0-AE35-E764C5D1DE29}.Debug|Any CPU.Build.0 = Debug|Any CPU
		{BE5E07C2-A6DE-45E0-AE35-E764C5D1DE29}.Release|Any CPU.ActiveCfg = Release|Any CPU
		{BE5E07C2-A6DE-45E0-AE35-E764C5D1DE29}.Release|Any CPU.Build.0 = Release|Any CPU
	EndGlobalSection
	GlobalSection(SolutionProperties) = preSolution
		HideSolutionNode = FALSE
	EndGlobalSection
	GlobalSection(ExtensibilityGlobals) = postSolution
		SolutionGuid = {D1C91A2C-EBC7-4B2A-9F1D-CD7D008DC587}
	EndGlobalSection
EndGlobal
